// !$*UTF8*$!
{
	archiveVersion = 1;
	classes = {
	};
	objectVersion = 56;
	objects = {

/* Begin PBXBuildFile section */
		1217A0522C03AB8E00809798 /* RandomUsersApp.swift in Sources */ = {isa = PBXBuildFile; fileRef = 1217A0512C03AB8E00809798 /* RandomUsersApp.swift */; };
		1217A0542C03AB8E00809798 /* ContentView.swift in Sources */ = {isa = PBXBuildFile; fileRef = 1217A0532C03AB8E00809798 /* ContentView.swift */; };
		1217A0562C03AB9000809798 /* Assets.xcassets in Resources */ = {isa = PBXBuildFile; fileRef = 1217A0552C03AB9000809798 /* Assets.xcassets */; };
		1217A0592C03AB9000809798 /* Preview Assets.xcassets in Resources */ = {isa = PBXBuildFile; fileRef = 1217A0582C03AB9000809798 /* Preview Assets.xcassets */; };
		1217A0632C03AB9000809798 /* RandomUsersTests.swift in Sources */ = {isa = PBXBuildFile; fileRef = 1217A0622C03AB9000809798 /* RandomUsersTests.swift */; };
		1217A06D2C03AB9000809798 /* RandomUsersUITests.swift in Sources */ = {isa = PBXBuildFile; fileRef = 1217A06C2C03AB9000809798 /* RandomUsersUITests.swift */; };
		1217A06F2C03AB9000809798 /* RandomUsersUITestsLaunchTests.swift in Sources */ = {isa = PBXBuildFile; fileRef = 1217A06E2C03AB9000809798 /* RandomUsersUITestsLaunchTests.swift */; };
/* End PBXBuildFile section */

/* Begin PBXContainerItemProxy section */
		1217A05F2C03AB9000809798 /* PBXContainerItemProxy */ = {
			isa = PBXContainerItemProxy;
			containerPortal = 1217A0462C03AB8E00809798 /* Project object */;
			proxyType = 1;
			remoteGlobalIDString = 1217A04D2C03AB8E00809798;
			remoteInfo = RandomUsers;
		};
		1217A0692C03AB9000809798 /* PBXContainerItemProxy */ = {
			isa = PBXContainerItemProxy;
			containerPortal = 1217A0462C03AB8E00809798 /* Project object */;
			proxyType = 1;
			remoteGlobalIDString = 1217A04D2C03AB8E00809798;
			remoteInfo = RandomUsers;
		};
/* End PBXContainerItemProxy section */

/* Begin PBXFileReference section */
		1217A04E2C03AB8E00809798 /* RandomUsers.app */ = {isa = PBXFileReference; explicitFileType = wrapper.application; includeInIndex = 0; path = RandomUsers.app; sourceTree = BUILT_PRODUCTS_DIR; };
		1217A0512C03AB8E00809798 /* RandomUsersApp.swift */ = {isa = PBXFileReference; lastKnownFileType = sourcecode.swift; path = RandomUsersApp.swift; sourceTree = "<group>"; };
		1217A0532C03AB8E00809798 /* ContentView.swift */ = {isa = PBXFileReference; lastKnownFileType = sourcecode.swift; path = ContentView.swift; sourceTree = "<group>"; };
		1217A0552C03AB9000809798 /* Assets.xcassets */ = {isa = PBXFileReference; lastKnownFileType = folder.assetcatalog; path = Assets.xcassets; sourceTree = "<group>"; };
		1217A0582C03AB9000809798 /* Preview Assets.xcassets */ = {isa = PBXFileReference; lastKnownFileType = folder.assetcatalog; path = "Preview Assets.xcassets"; sourceTree = "<group>"; };
		1217A05E2C03AB9000809798 /* RandomUsersTests.xctest */ = {isa = PBXFileReference; explicitFileType = wrapper.cfbundle; includeInIndex = 0; path = RandomUsersTests.xctest; sourceTree = BUILT_PRODUCTS_DIR; };
		1217A0622C03AB9000809798 /* RandomUsersTests.swift */ = {isa = PBXFileReference; lastKnownFileType = sourcecode.swift; path = RandomUsersTests.swift; sourceTree = "<group>"; };
		1217A0682C03AB9000809798 /* RandomUsersUITests.xctest */ = {isa = PBXFileReference; explicitFileType = wrapper.cfbundle; includeInIndex = 0; path = RandomUsersUITests.xctest; sourceTree = BUILT_PRODUCTS_DIR; };
		1217A06C2C03AB9000809798 /* RandomUsersUITests.swift */ = {isa = PBXFileReference; lastKnownFileType = sourcecode.swift; path = RandomUsersUITests.swift; sourceTree = "<group>"; };
		1217A06E2C03AB9000809798 /* RandomUsersUITestsLaunchTests.swift */ = {isa = PBXFileReference; lastKnownFileType = sourcecode.swift; path = RandomUsersUITestsLaunchTests.swift; sourceTree = "<group>"; };
/* End PBXFileReference section */

/* Begin PBXFrameworksBuildPhase section */
		1217A04B2C03AB8E00809798 /* Frameworks */ = {
			isa = PBXFrameworksBuildPhase;
			buildActionMask = 2147483647;
			files = (
			);
			runOnlyForDeploymentPostprocessing = 0;
		};
		1217A05B2C03AB9000809798 /* Frameworks */ = {
			isa = PBXFrameworksBuildPhase;
			buildActionMask = 2147483647;
			files = (
			);
			runOnlyForDeploymentPostprocessing = 0;
		};
		1217A0652C03AB9000809798 /* Frameworks */ = {
			isa = PBXFrameworksBuildPhase;
			buildActionMask = 2147483647;
			files = (
			);
			runOnlyForDeploymentPostprocessing = 0;
		};
/* End PBXFrameworksBuildPhase section */

/* Begin PBXGroup section */
		1217A0452C03AB8E00809798 = {
			isa = PBXGroup;
			children = (
				1217A0502C03AB8E00809798 /* RandomUsers */,
				1217A0612C03AB9000809798 /* RandomUsersTests */,
				1217A06B2C03AB9000809798 /* RandomUsersUITests */,
				1217A04F2C03AB8E00809798 /* Products */,
			);
			sourceTree = "<group>";
		};
		1217A04F2C03AB8E00809798 /* Products */ = {
			isa = PBXGroup;
			children = (
				1217A04E2C03AB8E00809798 /* RandomUsers.app */,
				1217A05E2C03AB9000809798 /* RandomUsersTests.xctest */,
				1217A0682C03AB9000809798 /* RandomUsersUITests.xctest */,
			);
			name = Products;
			sourceTree = "<group>";
		};
		1217A0502C03AB8E00809798 /* RandomUsers */ = {
			isa = PBXGroup;
			children = (
				1217A0512C03AB8E00809798 /* RandomUsersApp.swift */,
				1217A0532C03AB8E00809798 /* ContentView.swift */,
				1217A0552C03AB9000809798 /* Assets.xcassets */,
				1217A0572C03AB9000809798 /* Preview Content */,
			);
			path = RandomUsers;
			sourceTree = "<group>";
		};
		1217A0572C03AB9000809798 /* Preview Content */ = {
			isa = PBXGroup;
			children = (
				1217A0582C03AB9000809798 /* Preview Assets.xcassets */,
			);
			path = "Preview Content";
			sourceTree = "<group>";
		};
		1217A0612C03AB9000809798 /* RandomUsersTests */ = {
			isa = PBXGroup;
			children = (
				1217A0622C03AB9000809798 /* RandomUsersTests.swift */,
			);
			path = RandomUsersTests;
			sourceTree = "<group>";
		};
		1217A06B2C03AB9000809798 /* RandomUsersUITests */ = {
			isa = PBXGroup;
			children = (
				1217A06C2C03AB9000809798 /* RandomUsersUITests.swift */,
				1217A06E2C03AB9000809798 /* RandomUsersUITestsLaunchTests.swift */,
			);
			path = RandomUsersUITests;
			sourceTree = "<group>";
		};
/* End PBXGroup section */

/* Begin PBXNativeTarget section */
		1217A04D2C03AB8E00809798 /* RandomUsers */ = {
			isa = PBXNativeTarget;
			buildConfigurationList = 1217A0722C03AB9000809798 /* Build configuration list for PBXNativeTarget "RandomUsers" */;
			buildPhases = (
				1217A04A2C03AB8E00809798 /* Sources */,
				1217A04B2C03AB8E00809798 /* Frameworks */,
				1217A04C2C03AB8E00809798 /* Resources */,
			);
			buildRules = (
			);
			dependencies = (
			);
			name = RandomUsers;
			productName = RandomUsers;
			productReference = 1217A04E2C03AB8E00809798 /* RandomUsers.app */;
			productType = "com.apple.product-type.application";
		};
		1217A05D2C03AB9000809798 /* RandomUsersTests */ = {
			isa = PBXNativeTarget;
			buildConfigurationList = 1217A0752C03AB9000809798 /* Build configuration list for PBXNativeTarget "RandomUsersTests" */;
			buildPhases = (
				1217A05A2C03AB9000809798 /* Sources */,
				1217A05B2C03AB9000809798 /* Frameworks */,
				1217A05C2C03AB9000809798 /* Resources */,
			);
			buildRules = (
			);
			dependencies = (
				1217A0602C03AB9000809798 /* PBXTargetDependency */,
			);
			name = RandomUsersTests;
			productName = RandomUsersTests;
			productReference = 1217A05E2C03AB9000809798 /* RandomUsersTests.xctest */;
			productType = "com.apple.product-type.bundle.unit-test";
		};
		1217A0672C03AB9000809798 /* RandomUsersUITests */ = {
			isa = PBXNativeTarget;
			buildConfigurationList = 1217A0782C03AB9000809798 /* Build configuration list for PBXNativeTarget "RandomUsersUITests" */;
			buildPhases = (
				1217A0642C03AB9000809798 /* Sources */,
				1217A0652C03AB9000809798 /* Frameworks */,
				1217A0662C03AB9000809798 /* Resources */,
			);
			buildRules = (
			);
			dependencies = (
				1217A06A2C03AB9000809798 /* PBXTargetDependency */,
			);
			name = RandomUsersUITests;
			productName = RandomUsersUITests;
			productReference = 1217A0682C03AB9000809798 /* RandomUsersUITests.xctest */;
			productType = "com.apple.product-type.bundle.ui-testing";
		};
/* End PBXNativeTarget section */

/* Begin PBXProject section */
		1217A0462C03AB8E00809798 /* Project object */ = {
			isa = PBXProject;
			attributes = {
				BuildIndependentTargetsInParallel = 1;
				LastSwiftUpdateCheck = 1540;
				LastUpgradeCheck = 1540;
				TargetAttributes = {
					1217A04D2C03AB8E00809798 = {
						CreatedOnToolsVersion = 15.4;
					};
					1217A05D2C03AB9000809798 = {
						CreatedOnToolsVersion = 15.4;
						TestTargetID = 1217A04D2C03AB8E00809798;
					};
					1217A0672C03AB9000809798 = {
						CreatedOnToolsVersion = 15.4;
						TestTargetID = 1217A04D2C03AB8E00809798;
					};
				};
			};
			buildConfigurationList = 1217A0492C03AB8E00809798 /* Build configuration list for PBXProject "RandomUsers" */;
			compatibilityVersion = "Xcode 14.0";
			developmentRegion = en;
			hasScannedForEncodings = 0;
			knownRegions = (
				en,
				Base,
			);
			mainGroup = 1217A0452C03AB8E00809798;
			productRefGroup = 1217A04F2C03AB8E00809798 /* Products */;
			projectDirPath = "";
			projectRoot = "";
			targets = (
				1217A04D2C03AB8E00809798 /* RandomUsers */,
				1217A05D2C03AB9000809798 /* RandomUsersTests */,
				1217A0672C03AB9000809798 /* RandomUsersUITests */,
			);
		};
/* End PBXProject section */

/* Begin PBXResourcesBuildPhase section */
		1217A04C2C03AB8E00809798 /* Resources */ = {
			isa = PBXResourcesBuildPhase;
			buildActionMask = 2147483647;
			files = (
				1217A0592C03AB9000809798 /* Preview Assets.xcassets in Resources */,
				1217A0562C03AB9000809798 /* Assets.xcassets in Resources */,
			);
			runOnlyForDeploymentPostprocessing = 0;
		};
		1217A05C2C03AB9000809798 /* Resources */ = {
			isa = PBXResourcesBuildPhase;
			buildActionMask = 2147483647;
			files = (
			);
			runOnlyForDeploymentPostprocessing = 0;
		};
		1217A0662C03AB9000809798 /* Resources */ = {
			isa = PBXResourcesBuildPhase;
			buildActionMask = 2147483647;
			files = (
			);
			runOnlyForDeploymentPostprocessing = 0;
		};
/* End PBXResourcesBuildPhase section */

/* Begin PBXSourcesBuildPhase section */
		1217A04A2C03AB8E00809798 /* Sources */ = {
			isa = PBXSourcesBuildPhase;
			buildActionMask = 2147483647;
			files = (
				1217A0542C03AB8E00809798 /* ContentView.swift in Sources */,
				1217A0522C03AB8E00809798 /* RandomUsersApp.swift in Sources */,
			);
			runOnlyForDeploymentPostprocessing = 0;
		};
		1217A05A2C03AB9000809798 /* Sources */ = {
			isa = PBXSourcesBuildPhase;
			buildActionMask = 2147483647;
			files = (
				1217A0632C03AB9000809798 /* RandomUsersTests.swift in Sources */,
			);
			runOnlyForDeploymentPostprocessing = 0;
		};
		1217A0642C03AB9000809798 /* Sources */ = {
			isa = PBXSourcesBuildPhase;
			buildActionMask = 2147483647;
			files = (
				1217A06F2C03AB9000809798 /* RandomUsersUITestsLaunchTests.swift in Sources */,
				1217A06D2C03AB9000809798 /* RandomUsersUITests.swift in Sources */,
			);
			runOnlyForDeploymentPostprocessing = 0;
		};
/* End PBXSourcesBuildPhase section */

/* Begin PBXTargetDependency section */
		1217A0602C03AB9000809798 /* PBXTargetDependency */ = {
			isa = PBXTargetDependency;
			target = 1217A04D2C03AB8E00809798 /* RandomUsers */;
			targetProxy = 1217A05F2C03AB9000809798 /* PBXContainerItemProxy */;
		};
		1217A06A2C03AB9000809798 /* PBXTargetDependency */ = {
			isa = PBXTargetDependency;
			target = 1217A04D2C03AB8E00809798 /* RandomUsers */;
			targetProxy = 1217A0692C03AB9000809798 /* PBXContainerItemProxy */;
		};
/* End PBXTargetDependency section */

/* Begin XCBuildConfiguration section */
		1217A0702C03AB9000809798 /* Debug */ = {
			isa = XCBuildConfiguration;
			buildSettings = {
				ALWAYS_SEARCH_USER_PATHS = NO;
				ASSETCATALOG_COMPILER_GENERATE_SWIFT_ASSET_SYMBOL_EXTENSIONS = YES;
				CLANG_ANALYZER_NONNULL = YES;
				CLANG_ANALYZER_NUMBER_OBJECT_CONVERSION = YES_AGGRESSIVE;
				CLANG_CXX_LANGUAGE_STANDARD = "gnu++20";
				CLANG_ENABLE_MODULES = YES;
				CLANG_ENABLE_OBJC_ARC = YES;
				CLANG_ENABLE_OBJC_WEAK = YES;
				CLANG_WARN_BLOCK_CAPTURE_AUTORELEASING = YES;
				CLANG_WARN_BOOL_CONVERSION = YES;
				CLANG_WARN_COMMA = YES;
				CLANG_WARN_CONSTANT_CONVERSION = YES;
				CLANG_WARN_DEPRECATED_OBJC_IMPLEMENTATIONS = YES;
				CLANG_WARN_DIRECT_OBJC_ISA_USAGE = YES_ERROR;
				CLANG_WARN_DOCUMENTATION_COMMENTS = YES;
				CLANG_WARN_EMPTY_BODY = YES;
				CLANG_WARN_ENUM_CONVERSION = YES;
				CLANG_WARN_INFINITE_RECURSION = YES;
				CLANG_WARN_INT_CONVERSION = YES;
				CLANG_WARN_NON_LITERAL_NULL_CONVERSION = YES;
				CLANG_WARN_OBJC_IMPLICIT_RETAIN_SELF = YES;
				CLANG_WARN_OBJC_LITERAL_CONVERSION = YES;
				CLANG_WARN_OBJC_ROOT_CLASS = YES_ERROR;
				CLANG_WARN_QUOTED_INCLUDE_IN_FRAMEWORK_HEADER = YES;
				CLANG_WARN_RANGE_LOOP_ANALYSIS = YES;
				CLANG_WARN_STRICT_PROTOTYPES = YES;
				CLANG_WARN_SUSPICIOUS_MOVE = YES;
				CLANG_WARN_UNGUARDED_AVAILABILITY = YES_AGGRESSIVE;
				CLANG_WARN_UNREACHABLE_CODE = YES;
				CLANG_WARN__DUPLICATE_METHOD_MATCH = YES;
				COPY_PHASE_STRIP = NO;
				DEBUG_INFORMATION_FORMAT = dwarf;
				ENABLE_STRICT_OBJC_MSGSEND = YES;
				ENABLE_TESTABILITY = YES;
				ENABLE_USER_SCRIPT_SANDBOXING = YES;
				GCC_C_LANGUAGE_STANDARD = gnu17;
				GCC_DYNAMIC_NO_PIC = NO;
				GCC_NO_COMMON_BLOCKS = YES;
				GCC_OPTIMIZATION_LEVEL = 0;
				GCC_PREPROCESSOR_DEFINITIONS = (
					"DEBUG=1",
					"$(inherited)",
				);
				GCC_WARN_64_TO_32_BIT_CONVERSION = YES;
				GCC_WARN_ABOUT_RETURN_TYPE = YES_ERROR;
				GCC_WARN_UNDECLARED_SELECTOR = YES;
				GCC_WARN_UNINITIALIZED_AUTOS = YES_AGGRESSIVE;
				GCC_WARN_UNUSED_FUNCTION = YES;
				GCC_WARN_UNUSED_VARIABLE = YES;
				IPHONEOS_DEPLOYMENT_TARGET = 17.5;
				LOCALIZATION_PREFERS_STRING_CATALOGS = YES;
				MTL_ENABLE_DEBUG_INFO = INCLUDE_SOURCE;
				MTL_FAST_MATH = YES;
				ONLY_ACTIVE_ARCH = YES;
				SDKROOT = iphoneos;
				SWIFT_ACTIVE_COMPILATION_CONDITIONS = "DEBUG $(inherited)";
				SWIFT_OPTIMIZATION_LEVEL = "-Onone";
			};
			name = Debug;
		};
		1217A0712C03AB9000809798 /* Release */ = {
			isa = XCBuildConfiguration;
			buildSettings = {
				ALWAYS_SEARCH_USER_PATHS = NO;
				ASSETCATALOG_COMPILER_GENERATE_SWIFT_ASSET_SYMBOL_EXTENSIONS = YES;
				CLANG_ANALYZER_NONNULL = YES;
				CLANG_ANALYZER_NUMBER_OBJECT_CONVERSION = YES_AGGRESSIVE;
				CLANG_CXX_LANGUAGE_STANDARD = "gnu++20";
				CLANG_ENABLE_MODULES = YES;
				CLANG_ENABLE_OBJC_ARC = YES;
				CLANG_ENABLE_OBJC_WEAK = YES;
				CLANG_WARN_BLOCK_CAPTURE_AUTORELEASING = YES;
				CLANG_WARN_BOOL_CONVERSION = YES;
				CLANG_WARN_COMMA = YES;
				CLANG_WARN_CONSTANT_CONVERSION = YES;
				CLANG_WARN_DEPRECATED_OBJC_IMPLEMENTATIONS = YES;
				CLANG_WARN_DIRECT_OBJC_ISA_USAGE = YES_ERROR;
				CLANG_WARN_DOCUMENTATION_COMMENTS = YES;
				CLANG_WARN_EMPTY_BODY = YES;
				CLANG_WARN_ENUM_CONVERSION = YES;
				CLANG_WARN_INFINITE_RECURSION = YES;
				CLANG_WARN_INT_CONVERSION = YES;
				CLANG_WARN_NON_LITERAL_NULL_CONVERSION = YES;
				CLANG_WARN_OBJC_IMPLICIT_RETAIN_SELF = YES;
				CLANG_WARN_OBJC_LITERAL_CONVERSION = YES;
				CLANG_WARN_OBJC_ROOT_CLASS = YES_ERROR;
				CLANG_WARN_QUOTED_INCLUDE_IN_FRAMEWORK_HEADER = YES;
				CLANG_WARN_RANGE_LOOP_ANALYSIS = YES;
				CLANG_WARN_STRICT_PROTOTYPES = YES;
				CLANG_WARN_SUSPICIOUS_MOVE = YES;
				CLANG_WARN_UNGUARDED_AVAILABILITY = YES_AGGRESSIVE;
				CLANG_WARN_UNREACHABLE_CODE = YES;
				CLANG_WARN__DUPLICATE_METHOD_MATCH = YES;
				COPY_PHASE_STRIP = NO;
				DEBUG_INFORMATION_FORMAT = "dwarf-with-dsym";
				ENABLE_NS_ASSERTIONS = NO;
				ENABLE_STRICT_OBJC_MSGSEND = YES;
				ENABLE_USER_SCRIPT_SANDBOXING = YES;
				GCC_C_LANGUAGE_STANDARD = gnu17;
				GCC_NO_COMMON_BLOCKS = YES;
				GCC_WARN_64_TO_32_BIT_CONVERSION = YES;
				GCC_WARN_ABOUT_RETURN_TYPE = YES_ERROR;
				GCC_WARN_UNDECLARED_SELECTOR = YES;
				GCC_WARN_UNINITIALIZED_AUTOS = YES_AGGRESSIVE;
				GCC_WARN_UNUSED_FUNCTION = YES;
				GCC_WARN_UNUSED_VARIABLE = YES;
				IPHONEOS_DEPLOYMENT_TARGET = 17.5;
				LOCALIZATION_PREFERS_STRING_CATALOGS = YES;
				MTL_ENABLE_DEBUG_INFO = NO;
				MTL_FAST_MATH = YES;
				SDKROOT = iphoneos;
				SWIFT_COMPILATION_MODE = wholemodule;
				VALIDATE_PRODUCT = YES;
			};
			name = Release;
		};
		1217A0732C03AB9000809798 /* Debug */ = {
			isa = XCBuildConfiguration;
			buildSettings = {
				ASSETCATALOG_COMPILER_APPICON_NAME = AppIcon;
				ASSETCATALOG_COMPILER_GLOBAL_ACCENT_COLOR_NAME = AccentColor;
				CODE_SIGN_STYLE = Automatic;
				CURRENT_PROJECT_VERSION = 1;
				DEVELOPMENT_ASSET_PATHS = "\"RandomUsers/Preview Content\"";
				ENABLE_PREVIEWS = YES;
				GENERATE_INFOPLIST_FILE = YES;
				INFOPLIST_KEY_UIApplicationSceneManifest_Generation = YES;
				INFOPLIST_KEY_UIApplicationSupportsIndirectInputEvents = YES;
				INFOPLIST_KEY_UILaunchScreen_Generation = YES;
				INFOPLIST_KEY_UISupportedInterfaceOrientations_iPad = "UIInterfaceOrientationPortrait UIInterfaceOrientationPortraitUpsideDown UIInterfaceOrientationLandscapeLeft UIInterfaceOrientationLandscapeRight";
				INFOPLIST_KEY_UISupportedInterfaceOrientations_iPhone = "UIInterfaceOrientationPortrait UIInterfaceOrientationLandscapeLeft UIInterfaceOrientationLandscapeRight";
				LD_RUNPATH_SEARCH_PATHS = (
					"$(inherited)",
					"@executable_path/Frameworks",
				);
				MARKETING_VERSION = 1.0;
				PRODUCT_BUNDLE_IDENTIFIER = com.SarinaWu.RandomUsers;
				PRODUCT_NAME = "$(TARGET_NAME)";
				SWIFT_EMIT_LOC_STRINGS = YES;
				SWIFT_VERSION = 5.0;
				TARGETED_DEVICE_FAMILY = "1,2";
			};
			name = Debug;
		};
		1217A0742C03AB9000809798 /* Release */ = {
			isa = XCBuildConfiguration;
			buildSettings = {
				ASSETCATALOG_COMPILER_APPICON_NAME = AppIcon;
				ASSETCATALOG_COMPILER_GLOBAL_ACCENT_COLOR_NAME = AccentColor;
				CODE_SIGN_STYLE = Automatic;
				CURRENT_PROJECT_VERSION = 1;
				DEVELOPMENT_ASSET_PATHS = "\"RandomUsers/Preview Content\"";
				ENABLE_PREVIEWS = YES;
				GENERATE_INFOPLIST_FILE = YES;
				INFOPLIST_KEY_UIApplicationSceneManifest_Generation = YES;
				INFOPLIST_KEY_UIApplicationSupportsIndirectInputEvents = YES;
				INFOPLIST_KEY_UILaunchScreen_Generation = YES;
				INFOPLIST_KEY_UISupportedInterfaceOrientations_iPad = "UIInterfaceOrientationPortrait UIInterfaceOrientationPortraitUpsideDown UIInterfaceOrientationLandscapeLeft UIInterfaceOrientationLandscapeRight";
				INFOPLIST_KEY_UISupportedInterfaceOrientations_iPhone = "UIInterfaceOrientationPortrait UIInterfaceOrientationLandscapeLeft UIInterfaceOrientationLandscapeRight";
				LD_RUNPATH_SEARCH_PATHS = (
					"$(inherited)",
					"@executable_path/Frameworks",
				);
				MARKETING_VERSION = 1.0;
				PRODUCT_BUNDLE_IDENTIFIER = com.SarinaWu.RandomUsers;
				PRODUCT_NAME = "$(TARGET_NAME)";
				SWIFT_EMIT_LOC_STRINGS = YES;
				SWIFT_VERSION = 5.0;
				TARGETED_DEVICE_FAMILY = "1,2";
			};
			name = Release;
		};
		1217A0762C03AB9000809798 /* Debug */ = {
			isa = XCBuildConfiguration;
			buildSettings = {
				ALWAYS_EMBED_SWIFT_STANDARD_LIBRARIES = YES;
				BUNDLE_LOADER = "$(TEST_HOST)";
				CODE_SIGN_STYLE = Automatic;
				CURRENT_PROJECT_VERSION = 1;
				GENERATE_INFOPLIST_FILE = YES;
				IPHONEOS_DEPLOYMENT_TARGET = 17.5;
				MARKETING_VERSION = 1.0;
				PRODUCT_BUNDLE_IDENTIFIER = com.SarinaWu.RandomUsersTests;
				PRODUCT_NAME = "$(TARGET_NAME)";
				SWIFT_EMIT_LOC_STRINGS = NO;
				SWIFT_VERSION = 5.0;
				TARGETED_DEVICE_FAMILY = "1,2";
				TEST_HOST = "$(BUILT_PRODUCTS_DIR)/RandomUsers.app/$(BUNDLE_EXECUTABLE_FOLDER_PATH)/RandomUsers";
			};
			name = Debug;
		};
		1217A0772C03AB9000809798 /* Release */ = {
			isa = XCBuildConfiguration;
			buildSettings = {
				ALWAYS_EMBED_SWIFT_STANDARD_LIBRARIES = YES;
				BUNDLE_LOADER = "$(TEST_HOST)";
				CODE_SIGN_STYLE = Automatic;
				CURRENT_PROJECT_VERSION = 1;
				GENERATE_INFOPLIST_FILE = YES;
				IPHONEOS_DEPLOYMENT_TARGET = 17.5;
				MARKETING_VERSION = 1.0;
				PRODUCT_BUNDLE_IDENTIFIER = com.SarinaWu.RandomUsersTests;
				PRODUCT_NAME = "$(TARGET_NAME)";
				SWIFT_EMIT_LOC_STRINGS = NO;
				SWIFT_VERSION = 5.0;
				TARGETED_DEVICE_FAMILY = "1,2";
				TEST_HOST = "$(BUILT_PRODUCTS_DIR)/RandomUsers.app/$(BUNDLE_EXECUTABLE_FOLDER_PATH)/RandomUsers";
			};
			name = Release;
		};
		1217A0792C03AB9000809798 /* Debug */ = {
			isa = XCBuildConfiguration;
			buildSettings = {
				ALWAYS_EMBED_SWIFT_STANDARD_LIBRARIES = YES;
				CODE_SIGN_STYLE = Automatic;
				CURRENT_PROJECT_VERSION = 1;
				GENERATE_INFOPLIST_FILE = YES;
				MARKETING_VERSION = 1.0;
				PRODUCT_BUNDLE_IDENTIFIER = com.SarinaWu.RandomUsersUITests;
				PRODUCT_NAME = "$(TARGET_NAME)";
				SWIFT_EMIT_LOC_STRINGS = NO;
				SWIFT_VERSION = 5.0;
				TARGETED_DEVICE_FAMILY = "1,2";
				TEST_TARGET_NAME = RandomUsers;
			};
			name = Debug;
		};
		1217A07A2C03AB9000809798 /* Release */ = {
			isa = XCBuildConfiguration;
			buildSettings = {
				ALWAYS_EMBED_SWIFT_STANDARD_LIBRARIES = YES;
				CODE_SIGN_STYLE = Automatic;
				CURRENT_PROJECT_VERSION = 1;
				GENERATE_INFOPLIST_FILE = YES;
				MARKETING_VERSION = 1.0;
				PRODUCT_BUNDLE_IDENTIFIER = com.SarinaWu.RandomUsersUITests;
				PRODUCT_NAME = "$(TARGET_NAME)";
				SWIFT_EMIT_LOC_STRINGS = NO;
				SWIFT_VERSION = 5.0;
				TARGETED_DEVICE_FAMILY = "1,2";
				TEST_TARGET_NAME = RandomUsers;
			};
			name = Release;
		};
/* End XCBuildConfiguration section */

/* Begin XCConfigurationList section */
		1217A0492C03AB8E00809798 /* Build configuration list for PBXProject "RandomUsers" */ = {
			isa = XCConfigurationList;
			buildConfigurations = (
				1217A0702C03AB9000809798 /* Debug */,
				1217A0712C03AB9000809798 /* Release */,
			);
			defaultConfigurationIsVisible = 0;
			defaultConfigurationName = Release;
		};
		1217A0722C03AB9000809798 /* Build configuration list for PBXNativeTarget "RandomUsers" */ = {
			isa = XCConfigurationList;
			buildConfigurations = (
				1217A0732C03AB9000809798 /* Debug */,
				1217A0742C03AB9000809798 /* Release */,
			);
			defaultConfigurationIsVisible = 0;
			defaultConfigurationName = Release;
		};
		1217A0752C03AB9000809798 /* Build configuration list for PBXNativeTarget "RandomUsersTests" */ = {
			isa = XCConfigurationList;
			buildConfigurations = (
				1217A0762C03AB9000809798 /* Debug */,
				1217A0772C03AB9000809798 /* Release */,
			);
			defaultConfigurationIsVisible = 0;
			defaultConfigurationName = Release;
		};
		1217A0782C03AB9000809798 /* Build configuration list for PBXNativeTarget "RandomUsersUITests" */ = {
			isa = XCConfigurationList;
			buildConfigurations = (
				1217A0792C03AB9000809798 /* Debug */,
				1217A07A2C03AB9000809798 /* Release */,
			);
			defaultConfigurationIsVisible = 0;
			defaultConfigurationName = Release;
		};
/* End XCConfigurationList section */
	};
	rootObject = 1217A0462C03AB8E00809798 /* Project object */;
}
